
Microsoft Visual Studio Solution File, Format Version 12.00
Project("{FAE04EC0-301F-11D3-BF4B-00C04F79EFBC}") = "TheDirector", "TheDirector.csproj", "{1EDF0EC4-9DB1-4EEE-8B39-7497AE7DCC7F}"
EndProject
Project("{FAE04EC0-301F-11D3-BF4B-00C04F79EFBC}") = "Blaze2SDK", "..\BlazeSDK\Blaze2SDK\Blaze2SDK.csproj", "{EFD4ED55-5565-4C5B-9399-BD18F7DA8F90}"
EndProject
Project("{FAE04EC0-301F-11D3-BF4B-00C04F79EFBC}") = "Blaze3SDK", "..\BlazeSDK\Blaze3SDK\Blaze3SDK.csproj", "{1A351318-9D67-4C61-9F4F-AF45306D2598}"
EndProject
Global
	GlobalSection(SolutionConfigurationPlatforms) = preSolution
		Debug|Any CPU = Debug|Any CPU
		Release|Any CPU = Release|Any CPU
	EndGlobalSection
	GlobalSection(ProjectConfigurationPlatforms) = postSolution
		{1EDF0EC4-9DB1-4EEE-8B39-7497AE7DCC7F}.Debug|Any CPU.ActiveCfg = Debug|Any CPU
		{1EDF0EC4-9DB1-4EEE-8B39-7497AE7DCC7F}.Debug|Any CPU.Build.0 = Debug|Any CPU
		{1EDF0EC4-9DB1-4EEE-8B39-7497AE7DCC7F}.Release|Any CPU.ActiveCfg = Release|Any CPU
		{1EDF0EC4-9DB1-4EEE-8B39-7497AE7DCC7F}.Release|Any CPU.Build.0 = Release|Any CPU
		{EFD4ED55-5565-4C5B-9399-BD18F7DA8F90}.Debug|Any CPU.ActiveCfg = Debug|Any CPU
		{EFD4ED55-5565-4C5B-9399-BD18F7DA8F90}.Debug|Any CPU.Build.0 = Debug|Any CPU
		{EFD4ED55-5565-4C5B-9399-BD18F7DA8F90}.Release|Any CPU.ActiveCfg = Release|Any CPU
		{EFD4ED55-5565-4C5B-9399-BD18F7DA8F90}.Release|Any CPU.Build.0 = Release|Any CPU
		{1A351318-9D67-4C61-9F4F-AF45306D2598}.Debug|Any CPU.ActiveCfg = Debug|Any CPU
		{1A351318-9D67-4C61-9F4F-AF45306D2598}.Debug|Any CPU.Build.0 = Debug|Any CPU
		{1A351318-9D67-4C61-9F4F-AF45306D2598}.Release|Any CPU.ActiveCfg = Release|Any CPU
		{1A351318-9D67-4C61-9F4F-AF45306D2598}.Release|Any CPU.Build.0 = Release|Any CPU
	EndGlobalSection
EndGlobal
